
Microsoft Visual Studio Solution File, Format Version 12.00
# Visual Studio Version 17
VisualStudioVersion = 17.2.32616.157
MinimumVisualStudioVersion = 10.0.40219.1
Project("{FAE04EC0-301F-11D3-BF4B-00C04F79EFBC}") = "ToDoManager", "ToDoManager\ToDoManager.csproj", "{E9F78FE8-A36F-47BD-A6D6-41DA0F3FF372}"
EndProject
Global
	GlobalSection(SolutionConfigurationPlatforms) = preSolution
		Debug|Any CPU = Debug|Any CPU
		Release|Any CPU = Release|Any CPU
	EndGlobalSection
	GlobalSection(ProjectConfigurationPlatforms) = postSolution
		{E9F78FE8-A36F-47BD-A6D6-41DA0F3FF372}.Debug|Any CPU.ActiveCfg = Debug|Any CPU
		{E9F78FE8-A36F-47BD-A6D6-41DA0F3FF372}.Debug|Any CPU.Build.0 = Debug|Any CPU
		{E9F78FE8-A36F-47BD-A6D6-41DA0F3FF372}.Release|Any CPU.ActiveCfg = Release|Any CPU
		{E9F78FE8-A36F-47BD-A6D6-41DA0F3FF372}.Release|Any CPU.Build.0 = Release|Any CPU
	EndGlobalSection
	GlobalSection(SolutionProperties) = preSolution
		HideSolutionNode = FALSE
	EndGlobalSection
	GlobalSection(ExtensibilityGlobals) = postSolution
		SolutionGuid = {A63FA956-88D6-4B26-9D17-928CA08277A0}
	EndGlobalSection
EndGlobal
